
Microsoft Visual Studio Solution File, Format Version 12.00
# Visual Studio 14
VisualStudioVersion = 14.0.25420.1
MinimumVisualStudioVersion = 10.0.40219.1
Project("{FAE04EC0-301F-11D3-BF4B-00C04F79EFBC}") = "FourCDiffServer", "FourCDiffServer\FourCDiffServer.csproj", "{C29F678B-EB79-4904-A368-BF79DBAA9D94}"
EndProject
Project("{FAE04EC0-301F-11D3-BF4B-00C04F79EFBC}") = "FourCDiffServer.Tests", "FourCDiffServer.Tests\FourCDiffServer.Tests.csproj", "{8A013AB1-D9B1-45FD-A45E-E79464738F48}"
EndProject
Project("{FAE04EC0-301F-11D3-BF4B-00C04F79EFBC}") = "FourCDiffServer.IntegrationTests", "FourCDiffServer.IntegrationTests\FourCDiffServer.IntegrationTests.csproj", "{3A35940A-7002-407A-B59A-B28A78A1564F}"
EndProject
Global
	GlobalSection(SolutionConfigurationPlatforms) = preSolution
		Debug|Any CPU = Debug|Any CPU
		Release|Any CPU = Release|Any CPU
	EndGlobalSection
	GlobalSection(ProjectConfigurationPlatforms) = postSolution
		{C29F678B-EB79-4904-A368-BF79DBAA9D94}.Debug|Any CPU.ActiveCfg = Debug|Any CPU
		{C29F678B-EB79-4904-A368-BF79DBAA9D94}.Debug|Any CPU.Build.0 = Debug|Any CPU
		{C29F678B-EB79-4904-A368-BF79DBAA9D94}.Release|Any CPU.ActiveCfg = Release|Any CPU
		{C29F678B-EB79-4904-A368-BF79DBAA9D94}.Release|Any CPU.Build.0 = Release|Any CPU
		{8A013AB1-D9B1-45FD-A45E-E79464738F48}.Debug|Any CPU.ActiveCfg = Debug|Any CPU
		{8A013AB1-D9B1-45FD-A45E-E79464738F48}.Debug|Any CPU.Build.0 = Debug|Any CPU
		{8A013AB1-D9B1-45FD-A45E-E79464738F48}.Release|Any CPU.ActiveCfg = Release|Any CPU
		{8A013AB1-D9B1-45FD-A45E-E79464738F48}.Release|Any CPU.Build.0 = Release|Any CPU
		{3A35940A-7002-407A-B59A-B28A78A1564F}.Debug|Any CPU.ActiveCfg = Debug|Any CPU
		{3A35940A-7002-407A-B59A-B28A78A1564F}.Debug|Any CPU.Build.0 = Debug|Any CPU
		{3A35940A-7002-407A-B59A-B28A78A1564F}.Release|Any CPU.ActiveCfg = Release|Any CPU
		{3A35940A-7002-407A-B59A-B28A78A1564F}.Release|Any CPU.Build.0 = Release|Any CPU
	EndGlobalSection
	GlobalSection(SolutionProperties) = preSolution
		HideSolutionNode = FALSE
	EndGlobalSection
EndGlobal
